lockfileVersion: 5.3

specifiers:
  '@sveltejs/vite-plugin-svelte': ^1.0.0-next.30
  svelte: ^3.44.0
  svelte-select: ^4.4.7
  tinro: ^0.6.12
  vite: ^2.9.0
  vite-plugin-svelte-md: ^0.1.4
  vite-plugin-windicss: ^1.8.3
  windicss: ^3.5.1

dependencies:
  svelte-select: 4.4.7
  tinro: 0.6.12

devDependencies:
  '@sveltejs/vite-plugin-svelte': 1.0.0-next.40_svelte@3.46.6+vite@2.9.1
  svelte: 3.46.6
  vite: 2.9.1
  vite-plugin-svelte-md: 0.1.4_vite@2.9.1
  vite-plugin-windicss: 1.8.3_vite@2.9.1
  windicss: 3.5.1

packages:

  /@antfu/utils/0.5.0:
    resolution: {integrity: sha512-MrAQ/MrPSxbh1bBrmwJjORfJymw4IqSHFBXqvxaga3ZdDM+/zokYF8DjyJpSjY2QmpmgQrajDUBJOWrYeARfzA==}
    dev: true

  /@nodelib/fs.scandir/2.1.5:
    resolution: {integrity: sha512-vq24Bq3ym5HEQm2NKCr3yXDwjc7vTsEThRDnkp2DK9p1uqLR+DHurm/NOTo0KG7HYHU7eppKZj3MyqYuMBf62g==}
    engines: {node: '>= 8'}
    dependencies:
      '@nodelib/fs.stat': 2.0.5
      run-parallel: 1.2.0
    dev: true

  /@nodelib/fs.stat/2.0.5:
    resolution: {integrity: sha512-RkhPPp2zrqDAQA/2jNhnztcPAlv64XdhIp7a7454A5ovI7Bukxgt7MX7udwAu3zg1DcpPU0rz3VV1SeaqvY4+A==}
    engines: {node: '>= 8'}
    dev: true

  /@nodelib/fs.walk/1.2.8:
    resolution: {integrity: sha512-oGB+UxlgWcgQkgwo8GcEGwemoTFt3FIO9ababBmaGwXIoBKZ+GTy0pP185beGg7Llih/NSHSV2XAs1lnznocSg==}
    engines: {node: '>= 8'}
    dependencies:
      '@nodelib/fs.scandir': 2.1.5
      fastq: 1.13.0
    dev: true

  /@rollup/pluginutils/4.2.0:
    resolution: {integrity: sha512-2WUyJNRkyH5p487pGnn4tWAsxhEFKN/pT8CMgHshd5H+IXkOnKvKZwsz5ZWz+YCXkleZRAU5kwbfgF8CPfDRqA==}
    engines: {node: '>= 8.0.0'}
    dependencies:
      estree-walker: 2.0.2
      picomatch: 2.3.1
    dev: true

  /@sveltejs/vite-plugin-svelte/1.0.0-next.40_svelte@3.46.6+vite@2.9.1:
    resolution: {integrity: sha512-DtXF01fYGEJkbC7GntU/7jaq9M1SwyyNCkbDA+cfQSXRpm3H7zbu0M80wSQBSpntdd+hgSdxKCxv4GgX6/zI6w==}
    engines: {node: ^14.13.1 || >= 16}
    peerDependencies:
      diff-match-patch: ^1.0.5
      svelte: ^3.44.0
      vite: ^2.7.0
    peerDependenciesMeta:
      diff-match-patch:
        optional: true
    dependencies:
      '@rollup/pluginutils': 4.2.0
      debug: 4.3.4
      kleur: 4.1.4
      magic-string: 0.26.1
      svelte: 3.46.6
      svelte-hmr: 0.14.11_svelte@3.46.6
      vite: 2.9.1
    transitivePeerDependencies:
      - supports-color
    dev: true

  /@windicss/config/1.8.3:
    resolution: {integrity: sha512-1fvfZhRD7WfV/Xh6uIAYKIdbQWrwEgSdkFlHiLPzMDS44KjwNZILDzLAz9Y2W5H2K4MLGgGMnzGS89ECyjc0Ww==}
    dependencies:
      debug: 4.3.4
      jiti: 1.13.0
      windicss: 3.5.1
    transitivePeerDependencies:
      - supports-color
    dev: true

  /@windicss/plugin-utils/1.8.3:
    resolution: {integrity: sha512-emlMeDt73uNV1ZofLTDogcxqL9aZ5uIRYkjeHlrWiaDozFbX6Jc+a6eRo9Ieaar3JUryl6AnecTPHAiFDl4IXg==}
    dependencies:
      '@antfu/utils': 0.5.0
      '@windicss/config': 1.8.3
      debug: 4.3.4
      fast-glob: 3.2.11
      magic-string: 0.25.9
      micromatch: 4.0.5
      windicss: 3.5.1
    transitivePeerDependencies:
      - supports-color
    dev: true

  /argparse/1.0.10:
    resolution: {integrity: sha512-o5Roy6tNG4SL/FOkCAN6RzjiakZS25RLYFrcMttJqbdd8BWrnA+fGz57iN5Pb06pvBGvl5gQ0B48dJlslXvoTg==}
    dependencies:
      sprintf-js: 1.0.3
    dev: true

  /argparse/2.0.1:
    resolution: {integrity: sha512-8+9WqebbFzpX9OR+Wa6O29asIogeRMzcGtAINdpMHHyAg10f05aSFVBbcEqGf/PXw1EjAZ+q2/bEBg3DvurK3Q==}
    dev: true

  /braces/3.0.2:
    resolution: {integrity: sha512-b8um+L1RzM3WDSzvhm6gIz1yfTbBt6YTlcEKAvsmqCZZFw46z626lVj9j1yEPW33H5H+lBQpZMP1k8l+78Ha0A==}
    engines: {node: '>=8'}
    dependencies:
      fill-range: 7.0.1
    dev: true

  /debug/4.3.4:
    resolution: {integrity: sha512-PRWFHuSU3eDtQJPvnNY7Jcket1j0t5OuOsFzPPzsekD52Zl8qUfFIPEiswXqIvHWGVHOgX+7G/vCNNhehwxfkQ==}
    engines: {node: '>=6.0'}
    peerDependencies:
      supports-color: '*'
    peerDependenciesMeta:
      supports-color:
        optional: true
    dependencies:
      ms: 2.1.2
    dev: true

  /entities/2.1.0:
    resolution: {integrity: sha512-hCx1oky9PFrJ611mf0ifBLBRW8lUUVRlFolb5gWRfIELabBlbp9xZvrqZLZAs+NxFnbfQoeGd8wDkygjg7U85w==}
    dev: true

  /esbuild-android-64/0.14.31:
    resolution: {integrity: sha512-MYkuJ91w07nGmr4EouejOZK2j/f5TCnsKxY8vRr2+wpKKfHD1LTJK28VbZa+y1+AL7v1V9G98ezTUwsV3CmXNw==}
    engines: {node: '>=12'}
    cpu: [x64]
    os: [android]
    requiresBuild: true
    dev: true
    optional: true

  /esbuild-android-arm64/0.14.31:
    resolution: {integrity: sha512-0rkH/35s7ZVcsw6nS0IAkR0dekSbjZGWdlOAf3jV0lGoPqqw0x6/TmaV9w7DQgUERTH1ApmPlpAMU4kVkCq9Jg==}
    engines: {node: '>=12'}
    cpu: [arm64]
    os: [android]
    requiresBuild: true
    dev: true
    optional: true

  /esbuild-darwin-64/0.14.31:
    resolution: {integrity: sha512-kP6xPZHxtJa36Hb0jC05L3VzQSZBW2f3bpnQS20czXTRGEmM2GDiYpGdI5g2QYaw6vC4PYXjnigq8usd9g9jnQ==}
    engines: {node: '>=12'}
    cpu: [x64]
    os: [darwin]
    requiresBuild: true
    dev: true
    optional: true

  /esbuild-darwin-arm64/0.14.31:
    resolution: {integrity: sha512-1ZMog4hkNsdBGtDDtsftUqX6S9N52gEx4vX5aVehsSptgoBFIar1XrPiBTQty7YNH+bJasTpSVaZQgElCVvPKQ==}
    engines: {node: '>=12'}
    cpu: [arm64]
    os: [darwin]
    requiresBuild: true
    dev: true
    optional: true

  /esbuild-freebsd-64/0.14.31:
    resolution: {integrity: sha512-Zo0BYj7QpVFWoUpkv6Ng0RO2eJ4zk/WDaHMO88+jr5HuYmxsOre0imgwaZVPquTuJnCvL1G48BFucJ3tFflSeQ==}
    engines: {node: '>=12'}
    cpu: [x64]
    os: [freebsd]
    requiresBuild: true
    dev: true
    optional: true

  /esbuild-freebsd-arm64/0.14.31:
    resolution: {integrity: sha512-t85bS6jbRpmdjr4pdr/FY/fpx8lo1vv9S7BAs2EsXKJQhRDMIiC3QW+k2acYJoRuqirlvJcJVFQGCq/PfyC1kA==}
    engines: {node: '>=12'}
    cpu: [arm64]
    os: [freebsd]
    requiresBuild: true
    dev: true
    optional: true

  /esbuild-linux-32/0.14.31:
    resolution: {integrity: sha512-XYtOk/GodSkv+UOYVwryGpGPuFnszsMvRMKq6cIUfFfdssHuKDsU9IZveyCG44J106J39ABenQ5EetbYtVJHUw==}
    engines: {node: '>=12'}
    cpu: [ia32]
    os: [linux]
    requiresBuild: true
    dev: true
    optional: true

  /esbuild-linux-64/0.14.31:
    resolution: {integrity: sha512-Zf9CZxAxaXWHLqCg/QZ/hs0RU0XV3IBxV+ENQzy00S4QOTnZAvSLgPciILHHrVJ0lPIlb4XzAqlLM5y6iI2LIw==}
    engines: {node: '>=12'}
    cpu: [x64]
    os: [linux]
    requiresBuild: true
    dev: true
    optional: true

  /esbuild-linux-arm/0.14.31:
    resolution: {integrity: sha512-RpiaeHPRlgCCDskxoyIsI49BhcDtZ4cl8+SLffizDm0yMNWP538SUg0ezQ2TTOPj3/svaGIbkRDwYtAon0Sjkg==}
    engines: {node: '>=12'}
    cpu: [arm]
    os: [linux]
    requiresBuild: true
    dev: true
    optional: true

  /esbuild-linux-arm64/0.14.31:
    resolution: {integrity: sha512-V/H0tv+xpQ9IOHM+o85oCKNNidIEc5CcnDWl0V+hPd2F03dqdbFkWPBGphx8rD4JSQn6UefUQ1iH7y1qIzO8Fw==}
    engines: {node: '>=12'}
    cpu: [arm64]
    os: [linux]
    requiresBuild: true
    dev: true
    optional: true

  /esbuild-linux-mips64le/0.14.31:
    resolution: {integrity: sha512-9/oBfAckInRuUg6AEgdCLLn6KJ6UOJDOLmUinTsReVSg6AfV6wxYQJq9iQM2idRogP7GUpomJ+bvCdWXpotQRQ==}
    engines: {node: '>=12'}
    cpu: [mips64el]
    os: [linux]
    requiresBuild: true
    dev: true
    optional: true

  /esbuild-linux-ppc64le/0.14.31:
    resolution: {integrity: sha512-NMcb14Pg+8q8raGkzor9/R3vQwKzgxE3694BtO2SDLBwJuL2C1dQ1ZtM1t7ZvArQBgT8RiZVxb0/3fD+qGNk7g==}
    engines: {node: '>=12'}
    cpu: [ppc64]
    os: [linux]
    requiresBuild: true
    dev: true
    optional: true

  /esbuild-linux-riscv64/0.14.31:
    resolution: {integrity: sha512-l13yvmsVfawAnoYfcpuvml+nTlrOmtdceXYufSkXl2DOb0JKcuR6ARlAzuQCDcpo49SOJy1cCxpwlOIsUQBfzA==}
    engines: {node: '>=12'}
    cpu: [riscv64]
    os: [linux]
    requiresBuild: true
    dev: true
    optional: true

  /esbuild-linux-s390x/0.14.31:
    resolution: {integrity: sha512-GIwV9mY3koYja9MCSkKLk1P7rj+MkPV0UsGsZ575hEcIBrXeKN9jBi6X/bxDDPEN/SUAH35cJhBNrZU4x9lEfg==}
    engines: {node: '>=12'}
    cpu: [s390x]
    os: [linux]
    requiresBuild: true
    dev: true
    optional: true

  /esbuild-netbsd-64/0.14.31:
    resolution: {integrity: sha512-bJ+pyLvKQm+Obp5k7/Wk8e9Gdkls56F1aiI3uptoIfOIUqsZImH7pDyTrSufwqsFp62kO9LRuwXnjDwQtPyhFQ==}
    engines: {node: '>=12'}
    cpu: [x64]
    os: [netbsd]
    requiresBuild: true
    dev: true
    optional: true

  /esbuild-openbsd-64/0.14.31:
    resolution: {integrity: sha512-NRAAPPca05H9j9Xab0kVXK0V6/pyZGGy8d2Y8KS0BMwWEydlD4KCJDmH8/7bWCKYLRGOOCE9/GPBJyPWHFW3sg==}
    engines: {node: '>=12'}
    cpu: [x64]
    os: [openbsd]
    requiresBuild: true
    dev: true
    optional: true

  /esbuild-sunos-64/0.14.31:
    resolution: {integrity: sha512-9uA+V8w9Eehu4ldb95lPWdgCMcMO5HH6pXmfkk5usn3JsSZxKdLKsXB4hYgP80wscZvVYXJl2G+KNxsUTfPhZw==}
    engines: {node: '>=12'}
    cpu: [x64]
    os: [sunos]
    requiresBuild: true
    dev: true
    optional: true

  /esbuild-windows-32/0.14.31:
    resolution: {integrity: sha512-VGdncQTqoxD9q3v/dk0Yugbmx2FzOkcs0OemBYc1X9KXOLQYH0uQbLJIckZdZOC3J+JKSExbYFrzYCOwWPuNyA==}
    engines: {node: '>=12'}
    cpu: [ia32]
    os: [win32]
    requiresBuild: true
    dev: true
    optional: true

  /esbuild-windows-64/0.14.31:
    resolution: {integrity: sha512-v/2ye5zBqpmCzi3bLCagStbNQlnOsY7WtMrD2Q0xZxeSIXONxji15KYtVee5o7nw4lXWbQSS1BL8G6BBMvtq4A==}
    engines: {node: '>=12'}
    cpu: [x64]
    os: [win32]
    requiresBuild: true
    dev: true
    optional: true

  /esbuild-windows-arm64/0.14.31:
    resolution: {integrity: sha512-RXeU42FJoG1sriNHg73h4S+5B7L/gw+8T7U9u8IWqSSEbY6fZvBh4uofugiU1szUDqqP00GHwZ09WgYe3lGZiw==}
    engines: {node: '>=12'}
    cpu: [arm64]
    os: [win32]
    requiresBuild: true
    dev: true
    optional: true

  /esbuild/0.14.31:
    resolution: {integrity: sha512-QA0fUM13+JZzcvg1bdrhi7wo8Lr5IRHA9ypNn2znqxGqb66dSK6pAh01TjyBOhzZGazPQJZ1K26VrCAQJ715qA==}
    engines: {node: '>=12'}
    hasBin: true
    requiresBuild: true
    optionalDependencies:
      esbuild-android-64: 0.14.31
      esbuild-android-arm64: 0.14.31
      esbuild-darwin-64: 0.14.31
      esbuild-darwin-arm64: 0.14.31
      esbuild-freebsd-64: 0.14.31
      esbuild-freebsd-arm64: 0.14.31
      esbuild-linux-32: 0.14.31
      esbuild-linux-64: 0.14.31
      esbuild-linux-arm: 0.14.31
      esbuild-linux-arm64: 0.14.31
      esbuild-linux-mips64le: 0.14.31
      esbuild-linux-ppc64le: 0.14.31
      esbuild-linux-riscv64: 0.14.31
      esbuild-linux-s390x: 0.14.31
      esbuild-netbsd-64: 0.14.31
      esbuild-openbsd-64: 0.14.31
      esbuild-sunos-64: 0.14.31
      esbuild-windows-32: 0.14.31
      esbuild-windows-64: 0.14.31
      esbuild-windows-arm64: 0.14.31
    dev: true

  /esprima/4.0.1:
    resolution: {integrity: sha512-eGuFFw7Upda+g4p+QHvnW0RyTX/SVeJBDM/gCtMARO0cLuT2HcEKnTPvhjV6aGeqrCB/sbNop0Kszm0jsaWU4A==}
    engines: {node: '>=4'}
    hasBin: true
    dev: true

  /estree-walker/2.0.2:
    resolution: {integrity: sha512-Rfkk/Mp/DL7JVje3u18FxFujQlTNR2q6QfMSMB7AvCBx91NGj/ba3kCfza0f6dVDbw7YlRf/nDrn7pQrCCyQ/w==}
    dev: true

  /extend-shallow/2.0.1:
    resolution: {integrity: sha1-Ua99YUrZqfYQ6huvu5idaxxWiQ8=}
    engines: {node: '>=0.10.0'}
    dependencies:
      is-extendable: 0.1.1
    dev: true

  /fast-glob/3.2.11:
    resolution: {integrity: sha512-xrO3+1bxSo3ZVHAnqzyuewYT6aMFHRAd4Kcs92MAonjwQZLsK9d0SF1IyQ3k5PoirxTW0Oe/RqFgMQ6TcNE5Ew==}
    engines: {node: '>=8.6.0'}
    dependencies:
      '@nodelib/fs.stat': 2.0.5
      '@nodelib/fs.walk': 1.2.8
      glob-parent: 5.1.2
      merge2: 1.4.1
      micromatch: 4.0.5
    dev: true

  /fastq/1.13.0:
    resolution: {integrity: sha512-YpkpUnK8od0o1hmeSc7UUs/eB/vIPWJYjKck2QKIzAf71Vm1AAQ3EbuZB3g2JIy+pg+ERD0vqI79KyZiB2e2Nw==}
    dependencies:
      reusify: 1.0.4
    dev: true

  /fill-range/7.0.1:
    resolution: {integrity: sha512-qOo9F+dMUmC2Lcb4BbVvnKJxTPjCm+RRpe4gDuGrzkL7mEVl/djYSu2OdQ2Pa302N4oqkSg9ir6jaLWJ2USVpQ==}
    engines: {node: '>=8'}
    dependencies:
      to-regex-range: 5.0.1
    dev: true

  /fsevents/2.3.2:
    resolution: {integrity: sha512-xiqMQR4xAeHTuB9uWm+fFRcIOgKBMiOBP+eXiyT7jsgVCq1bkVygt00oASowB7EdtpOHaaPgKt812P9ab+DDKA==}
    engines: {node: ^8.16.0 || ^10.6.0 || >=11.0.0}
    os: [darwin]
    requiresBuild: true
    dev: true
    optional: true

  /function-bind/1.1.1:
    resolution: {integrity: sha512-yIovAzMX49sF8Yl58fSCWJ5svSLuaibPxXQJFLmBObTuCr0Mf1KiPopGM9NiFjiYBCbfaa2Fh6breQ6ANVTI0A==}
    dev: true

  /glob-parent/5.1.2:
    resolution: {integrity: sha512-AOIgSQCepiJYwP3ARnGx+5VnTu2HBYdzbGP45eLw1vr3zB3vZLeyed1sC9hnbcOc9/SrMyM5RPQrkGz4aS9Zow==}
    engines: {node: '>= 6'}
    dependencies:
      is-glob: 4.0.3
    dev: true

  /gray-matter/4.0.3:
    resolution: {integrity: sha512-5v6yZd4JK3eMI3FqqCouswVqwugaA9r4dNZB1wwcmrD02QkV5H0y7XBQW8QwQqEaZY1pM9aqORSORhJRdNK44Q==}
    engines: {node: '>=6.0'}
    dependencies:
      js-yaml: 3.14.1
      kind-of: 6.0.3
      section-matter: 1.0.0
      strip-bom-string: 1.0.0
    dev: true

  /has/1.0.3:
    resolution: {integrity: sha512-f2dvO0VU6Oej7RkWJGrehjbzMAjFp5/VKPp5tTpWIV4JHHZK1/BxbFRtf/siA2SWTe09caDmVtYYzWEIbBS4zw==}
    engines: {node: '>= 0.4.0'}
    dependencies:
      function-bind: 1.1.1
    dev: true

  /is-core-module/2.8.1:
    resolution: {integrity: sha512-SdNCUs284hr40hFTFP6l0IfZ/RSrMXF3qgoRHd3/79unUTvrFO/JoXwkGm+5J/Oe3E/b5GsnG330uUNgRpu1PA==}
    dependencies:
      has: 1.0.3
    dev: true

  /is-extendable/0.1.1:
    resolution: {integrity: sha1-YrEQ4omkcUGOPsNqYX1HLjAd/Ik=}
    engines: {node: '>=0.10.0'}
    dev: true

  /is-extglob/2.1.1:
    resolution: {integrity: sha1-qIwCU1eR8C7TfHahueqXc8gz+MI=}
    engines: {node: '>=0.10.0'}
    dev: true

  /is-glob/4.0.3:
    resolution: {integrity: sha512-xelSayHH36ZgE7ZWhli7pW34hNbNl8Ojv5KVmkJD4hBdD3th8Tfk9vYasLM+mXWOZhFkgZfxhLSnrwRr4elSSg==}
    engines: {node: '>=0.10.0'}
    dependencies:
      is-extglob: 2.1.1
    dev: true

  /is-number/7.0.0:
    resolution: {integrity: sha512-41Cifkg6e8TylSpdtTpeLVMqvSBEVzTttHvERD741+pnZ8ANv0004MRL43QKPDlK9cGvNp6NZWZUBlbGXYxxng==}
    engines: {node: '>=0.12.0'}
    dev: true

  /jiti/1.13.0:
    resolution: {integrity: sha512-/n9mNxZj/HDSrincJ6RP+L+yXbpnB8FybySBa+IjIaoH9FIxBbrbRT5XUbe8R7zuVM2AQqNMNDDqz0bzx3znOQ==}
    hasBin: true
    dev: true

  /js-yaml/3.14.1:
    resolution: {integrity: sha512-okMH7OXXJ7YrN9Ok3/SXrnu4iX9yOk+25nqX4imS2npuvTYDmo/QEZoqwZkYaIDk3jVvBOTOIEgEhaLOynBS9g==}
    hasBin: true
    dependencies:
      argparse: 1.0.10
      esprima: 4.0.1
    dev: true

  /kind-of/6.0.3:
    resolution: {integrity: sha512-dcS1ul+9tmeD95T+x28/ehLgd9mENa3LsvDTtzm3vyBEO7RPptvAD+t44WVXaUjTBRcrpFeFlC8WCruUR456hw==}
    engines: {node: '>=0.10.0'}
    dev: true

  /kleur/4.1.4:
    resolution: {integrity: sha512-8QADVssbrFjivHWQU7KkMgptGTl6WAcSdlbBPY4uNF+mWr6DGcKrvY2w4FQJoXch7+fKMjj0dRrL75vk3k23OA==}
    engines: {node: '>=6'}
    dev: true

  /kolorist/1.5.1:
    resolution: {integrity: sha512-lxpCM3HTvquGxKGzHeknB/sUjuVoUElLlfYnXZT73K8geR9jQbroGlSCFBax9/0mpGoD3kzcMLnOlGQPJJNyqQ==}
    dev: true

  /linkify-it/3.0.3:
    resolution: {integrity: sha512-ynTsyrFSdE5oZ/O9GEf00kPngmOfVwazR5GKDq6EYfhlpFug3J2zybX56a2PRRpc9P+FuSoGNAwjlbDs9jJBPQ==}
    dependencies:
      uc.micro: 1.0.6
    dev: true

  /magic-string/0.25.9:
    resolution: {integrity: sha512-RmF0AsMzgt25qzqqLc1+MbHmhdx0ojF2Fvs4XnOqz2ZOBXzzkEwc/dJQZCYHAn7v1jbVOjAZfK8msRn4BxO4VQ==}
    dependencies:
      sourcemap-codec: 1.4.8
    dev: true

  /magic-string/0.26.1:
    resolution: {integrity: sha512-ndThHmvgtieXe8J/VGPjG+Apu7v7ItcD5mhEIvOscWjPF/ccOiLxHaSuCAS2G+3x4GKsAbT8u7zdyamupui8Tg==}
    engines: {node: '>=12'}
    dependencies:
      sourcemap-codec: 1.4.8
    dev: true

  /markdown-it/12.3.2:
    resolution: {integrity: sha512-TchMembfxfNVpHkbtriWltGWc+m3xszaRD0CZup7GFFhzIgQqxIfn3eGj1yZpfuflzPvfkt611B2Q/Bsk1YnGg==}
    hasBin: true
    dependencies:
      argparse: 2.0.1
      entities: 2.1.0
      linkify-it: 3.0.3
      mdurl: 1.0.1
      uc.micro: 1.0.6
    dev: true

  /mdurl/1.0.1:
    resolution: {integrity: sha1-/oWy7HWlkDfyrf7BAP1sYBdhFS4=}
    dev: true

  /merge2/1.4.1:
    resolution: {integrity: sha512-8q7VEgMJW4J8tcfVPy8g09NcQwZdbwFEqhe/WZkoIzjn/3TGDwtOCYtXGxA3O8tPzpczCCDgv+P2P5y00ZJOOg==}
    engines: {node: '>= 8'}
    dev: true

  /micromatch/4.0.5:
    resolution: {integrity: sha512-DMy+ERcEW2q8Z2Po+WNXuw3c5YaUSFjAO5GsJqfEl7UjvtIuFKO6ZrKvcItdy98dwFI2N1tg3zNIdKaQT+aNdA==}
    engines: {node: '>=8.6'}
    dependencies:
      braces: 3.0.2
      picomatch: 2.3.1
    dev: true

  /ms/2.1.2:
    resolution: {integrity: sha512-sGkPx+VjMtmA6MX27oA4FBFELFCZZ4S4XqeGOXCv68tT+jb3vk/RyaKWP0PTKyWtmLSM0b+adUTEvbs1PEaH2w==}
    dev: true

  /nanoid/3.3.2:
    resolution: {integrity: sha512-CuHBogktKwpm5g2sRgv83jEy2ijFzBwMoYA60orPDR7ynsLijJDqgsi4RDGj3OJpy3Ieb+LYwiRmIOGyytgITA==}
    engines: {node: ^10 || ^12 || ^13.7 || ^14 || >=15.0.1}
    hasBin: true
    dev: true

  /path-parse/1.0.7:
    resolution: {integrity: sha512-LDJzPVEEEPR+y48z93A0Ed0yXb8pAByGWo/k5YYdYgpY2/2EsOsksJrq7lOHxryrVOn1ejG6oAp8ahvOIQD8sw==}
    dev: true

  /picocolors/1.0.0:
    resolution: {integrity: sha512-1fygroTLlHu66zi26VoTDv8yRgm0Fccecssto+MhsZ0D/DGW2sm8E8AjW7NU5VVTRt5GxbeZ5qBuJr+HyLYkjQ==}
    dev: true

  /picomatch/2.3.1:
    resolution: {integrity: sha512-JU3teHTNjmE2VCGFzuY8EXzCDVwEqB2a8fsIvwaStHhAWJEeVd1o1QD80CU6+ZdEXXSLbSsuLwJjkCBWqRQUVA==}
    engines: {node: '>=8.6'}
    dev: true

  /postcss/8.4.12:
    resolution: {integrity: sha512-lg6eITwYe9v6Hr5CncVbK70SoioNQIq81nsaG86ev5hAidQvmOeETBqs7jm43K2F5/Ley3ytDtriImV6TpNiSg==}
    engines: {node: ^10 || ^12 || >=14}
    dependencies:
      nanoid: 3.3.2
      picocolors: 1.0.0
      source-map-js: 1.0.2
    dev: true

  /queue-microtask/1.2.3:
    resolution: {integrity: sha512-NuaNSa6flKT5JaSYQzJok04JzTL1CA6aGhv5rfLW3PgqA+M2ChpZQnAC8h8i4ZFkBS8X5RqkDBHA7r4hej3K9A==}
    dev: true

  /resolve/1.22.0:
    resolution: {integrity: sha512-Hhtrw0nLeSrFQ7phPp4OOcVjLPIeMnRlr5mcnVuMe7M/7eBn98A3hmFRLoFo3DLZkivSYwhRUJTyPyWAk56WLw==}
    hasBin: true
    dependencies:
      is-core-module: 2.8.1
      path-parse: 1.0.7
      supports-preserve-symlinks-flag: 1.0.0
    dev: true

  /reusify/1.0.4:
    resolution: {integrity: sha512-U9nH88a3fc/ekCF1l0/UP1IosiuIjyTh7hBvXVMHYgVcfGvt897Xguj2UOLDeI5BG2m7/uwyaLVT6fbtCwTyzw==}
    engines: {iojs: '>=1.0.0', node: '>=0.10.0'}
    dev: true

  /rollup/2.70.1:
    resolution: {integrity: sha512-CRYsI5EuzLbXdxC6RnYhOuRdtz4bhejPMSWjsFLfVM/7w/85n2szZv6yExqUXsBdz5KT8eoubeyDUDjhLHEslA==}
    engines: {node: '>=10.0.0'}
    hasBin: true
    optionalDependencies:
      fsevents: 2.3.2
    dev: true

  /run-parallel/1.2.0:
    resolution: {integrity: sha512-5l4VyZR86LZ/lDxZTR6jqL8AFE2S0IFLMP26AbjsLVADxHdhB/c0GUsH+y39UfCi3dzz8OlQuPmnaJOMoDHQBA==}
    dependencies:
      queue-microtask: 1.2.3
    dev: true

  /section-matter/1.0.0:
    resolution: {integrity: sha512-vfD3pmTzGpufjScBh50YHKzEu2lxBWhVEHsNGoEXmCmn2hKGfeNLYMzCJpe8cD7gqX7TJluOVpBkAequ6dgMmA==}
    engines: {node: '>=4'}
    dependencies:
      extend-shallow: 2.0.1
      kind-of: 6.0.3
    dev: true

  /source-map-js/1.0.2:
    resolution: {integrity: sha512-R0XvVJ9WusLiqTCEiGCmICCMplcCkIwwR11mOSD9CR5u+IXYdiseeEuXCVAjS54zqwkLcPNnmU4OeJ6tUrWhDw==}
    engines: {node: '>=0.10.0'}
    dev: true

  /sourcemap-codec/1.4.8:
    resolution: {integrity: sha512-9NykojV5Uih4lgo5So5dtw+f0JgJX30KCNI8gwhz2J9A15wD0Ml6tjHKwf6fTSa6fAdVBdZeNOs9eJ71qCk8vA==}
    dev: true

  /sprintf-js/1.0.3:
    resolution: {integrity: sha1-BOaSb2YolTVPPdAVIDYzuFcpfiw=}
    dev: true

  /strip-bom-string/1.0.0:
    resolution: {integrity: sha1-5SEekiQ2n7uB1jOi8ABE3IztrZI=}
    engines: {node: '>=0.10.0'}
    dev: true

  /supports-preserve-symlinks-flag/1.0.0:
    resolution: {integrity: sha512-ot0WnXS9fgdkgIcePe6RHNk1WA8+muPa6cSjeR3V8K27q9BB1rTE3R1p7Hv0z1ZyAc8s6Vvv8DIyWf681MAt0w==}
    engines: {node: '>= 0.4'}
    dev: true

  /svelte-hmr/0.14.11_svelte@3.46.6:
    resolution: {integrity: sha512-R9CVfX6DXxW1Kn45Jtmx+yUe+sPhrbYSUp7TkzbW0jI5fVPn6lsNG9NEs5dFg5qRhFNAoVdRw5qQDLALNKhwbQ==}
    engines: {node: ^12.20 || ^14.13.1 || >= 16}
    peerDependencies:
      svelte: '>=3.19.0'
    dependencies:
      svelte: 3.46.6
    dev: true

  /svelte-select/4.4.7:
    resolution: {integrity: sha512-fIf9Z8rPI6F8naHZ9wjXT0Pv5gLyhdHAFkHFJnCfVVfELE8e82uOoF0xEVQP6Kir+b4Q5yOvNAzZ61WbSU6A0A==}
    dev: false

  /svelte/3.46.6:
    resolution: {integrity: sha512-o9nNft/OzCz/9kJpmWa1S52GAM+huCjPIsNWydYmgei74ZWlOA9/hN9+Z12INdklghu31seEXZMRHhS1+8DETw==}
    engines: {node: '>= 8'}
    dev: true

  /tinro/0.6.12:
    resolution: {integrity: sha512-YYLh0a21GXXpS66ilZbywfXcPTKQQ+bv3tihoqKqSFQP6/F11N7ZmtRbFWcyZXXPFRSzNxmPJBB8ZhP0GkoS0Q==}
    dev: false

  /to-regex-range/5.0.1:
    resolution: {integrity: sha512-65P7iz6X5yEr1cwcgvQxbbIw7Uk3gOy5dIdtZ4rDveLqhrdJP+Li/Hx6tyK0NEb+2GCyneCMJiGqrADCSNk8sQ==}
    engines: {node: '>=8.0'}
    dependencies:
      is-number: 7.0.0
    dev: true

  /uc.micro/1.0.6:
    resolution: {integrity: sha512-8Y75pvTYkLJW2hWQHXxoqRgV7qb9B+9vFEtidML+7koHUFapnVJAZ6cKs+Qjz5Aw3aZWHMC6u0wJE3At+nSGwA==}
    dev: true

  /vite-plugin-svelte-md/0.1.4_vite@2.9.1:
    resolution: {integrity: sha512-+/6Iilu1xmAZasQUrLr3yS4ewj0UYcksJgR8EifjB9PtGvYIsB2bnYUGBNdf+31UGkV5Mle72ax4Nu3zE0vn/g==}
    peerDependencies:
      vite: ^2.0.0
    dependencies:
      '@rollup/pluginutils': 4.2.0
      gray-matter: 4.0.3
      markdown-it: 12.3.2
      vite: 2.9.1
    dev: true

  /vite-plugin-windicss/1.8.3_vite@2.9.1:
    resolution: {integrity: sha512-RIw2GD6H6cKNE8wZXVOBs4L1uTicVS0FaAkeqXvy1oyuXLC4SXmvnzEuoK0+qFuWJjW0ECNwE8eU+ZZhzNQKUg==}
    peerDependencies:
      vite: ^2.0.1
    dependencies:
      '@windicss/plugin-utils': 1.8.3
      debug: 4.3.4
      kolorist: 1.5.1
      vite: 2.9.1
      windicss: 3.5.1
    transitivePeerDependencies:
      - supports-color
    dev: true

  /vite/2.9.1:
    resolution: {integrity: sha512-vSlsSdOYGcYEJfkQ/NeLXgnRv5zZfpAsdztkIrs7AZHV8RCMZQkwjo4DS5BnrYTqoWqLoUe1Cah4aVO4oNNqCQ==}
    engines: {node: '>=12.2.0'}
    hasBin: true
    peerDependencies:
      less: '*'
      sass: '*'
      stylus: '*'
    peerDependenciesMeta:
      less:
        optional: true
      sass:
        optional: true
      stylus:
        optional: true
    dependencies:
      esbuild: 0.14.31
      postcss: 8.4.12
      resolve: 1.22.0
      rollup: 2.70.1
    optionalDependencies:
      fsevents: 2.3.2
    dev: true

  /windicss/3.5.1:
    resolution: {integrity: sha512-E1hYZATcZFci/XhGS0sJAMRxULjnK+glNukE78Ku7xeb3jxgMY55fFOdIrav+GjQCsgR+IZxPq9/DwmO6eyc4Q==}
    engines: {node: '>= 12'}
    hasBin: true
    dev: true
